
Microsoft Visual Studio Solution File, Format Version 12.00
# Visual Studio 15
VisualStudioVersion = 15.0.27703.2018
MinimumVisualStudioVersion = 10.0.40219.1
Project("{FAE04EC0-301F-11D3-BF4B-00C04F79EFBC}") = "Windows3Style", "Windows3Style\Windows3Style.csproj", "{FEE6B7BF-C7CA-49EC-B8A5-D4901EDDCEBC}"
EndProject
Global
	GlobalSection(SolutionConfigurationPlatforms) = preSolution
		Debug|Any CPU = Debug|Any CPU
		Release|Any CPU = Release|Any CPU
	EndGlobalSection
	GlobalSection(ProjectConfigurationPlatforms) = postSolution
		{FEE6B7BF-C7CA-49EC-B8A5-D4901EDDCEBC}.Debug|Any CPU.ActiveCfg = Debug|Any CPU
		{FEE6B7BF-C7CA-49EC-B8A5-D4901EDDCEBC}.Debug|Any CPU.Build.0 = Debug|Any CPU
		{FEE6B7BF-C7CA-49EC-B8A5-D4901EDDCEBC}.Release|Any CPU.ActiveCfg = Release|Any CPU
		{FEE6B7BF-C7CA-49EC-B8A5-D4901EDDCEBC}.Release|Any CPU.Build.0 = Release|Any CPU
	EndGlobalSection
	GlobalSection(SolutionProperties) = preSolution
		HideSolutionNode = FALSE
	EndGlobalSection
	GlobalSection(ExtensibilityGlobals) = postSolution
		SolutionGuid = {BAD47DC6-F6A0-4F8C-BC34-4ABDCB93E11B}
	EndGlobalSection
EndGlobal
